
Microsoft Visual Studio Solution File, Format Version 12.00
# Visual Studio Version 17
VisualStudioVersion = 17.7.34031.279
MinimumVisualStudioVersion = 10.0.40219.1
Project("{8BC9CEB8-8B4A-11D0-8D11-00A0C91BC942}") = "week6_Part2", "week6_Part2\week6_Part2.vcxproj", "{C903F196-AB3A-4364-86D7-3D3500E48434}"
EndProject
Global
	GlobalSection(SolutionConfigurationPlatforms) = preSolution
		Debug|x64 = Debug|x64
		Debug|x86 = Debug|x86
		Release|x64 = Release|x64
		Release|x86 = Release|x86
	EndGlobalSection
	GlobalSection(ProjectConfigurationPlatforms) = postSolution
		{C903F196-AB3A-4364-86D7-3D3500E48434}.Debug|x64.ActiveCfg = Debug|x64
		{C903F196-AB3A-4364-86D7-3D3500E48434}.Debug|x64.Build.0 = Debug|x64
		{C903F196-AB3A-4364-86D7-3D3500E48434}.Debug|x86.ActiveCfg = Debug|Win32
		{C903F196-AB3A-4364-86D7-3D3500E48434}.Debug|x86.Build.0 = Debug|Win32
		{C903F196-AB3A-4364-86D7-3D3500E48434}.Release|x64.ActiveCfg = Release|x64
		{C903F196-AB3A-4364-86D7-3D3500E48434}.Release|x64.Build.0 = Release|x64
		{C903F196-AB3A-4364-86D7-3D3500E48434}.Release|x86.ActiveCfg = Release|Win32
		{C903F196-AB3A-4364-86D7-3D3500E48434}.Release|x86.Build.0 = Release|Win32
	EndGlobalSection
	GlobalSection(SolutionProperties) = preSolution
		HideSolutionNode = FALSE
	EndGlobalSection
	GlobalSection(ExtensibilityGlobals) = postSolution
		SolutionGuid = {CDB850D5-A7D6-4F36-9302-5381953BA925}
	EndGlobalSection
EndGlobal
